
Microsoft Visual Studio Solution File, Format Version 12.00
# Visual Studio Version 17
VisualStudioVersion = 17.2.32630.192
MinimumVisualStudioVersion = 10.0.40219.1
Project("{9A19103F-16F7-4668-BE54-9A1E7A4F7556}") = "Web", "Web\Web.csproj", "{32A3F488-BF90-4C92-9E3D-85A608CB4B4A}"
EndProject
Project("{9A19103F-16F7-4668-BE54-9A1E7A4F7556}") = "Functions", "Functions\Functions.csproj", "{7D18A21A-83D2-42C8-8500-59296FE8F515}"
EndProject
Project("{9A19103F-16F7-4668-BE54-9A1E7A4F7556}") = "Web.Test", "Web.Test\Web.Test.csproj", "{0236F7F2-F1B1-469C-B49C-A345A5CCAE32}"
EndProject
Project("{2150E333-8FDC-42A3-9474-1A3956D46DE8}") = "Solution Items", "Solution Items", "{484A717A-DEA6-4EFD-B782-9D6E1730073B}"
	ProjectSection(SolutionItems) = preProject
		.editorconfig = .editorconfig
		.gitignore = .gitignore
		CONTRIBUTING.md = CONTRIBUTING.md
		LICENSE = LICENSE
		local.runsettings = local.runsettings
		README.md = README.md
	EndProjectSection
EndProject
Global
	GlobalSection(SolutionConfigurationPlatforms) = preSolution
		Debug|Any CPU = Debug|Any CPU
		Release|Any CPU = Release|Any CPU
	EndGlobalSection
	GlobalSection(ProjectConfigurationPlatforms) = postSolution
		{32A3F488-BF90-4C92-9E3D-85A608CB4B4A}.Debug|Any CPU.ActiveCfg = Debug|Any CPU
		{32A3F488-BF90-4C92-9E3D-85A608CB4B4A}.Debug|Any CPU.Build.0 = Debug|Any CPU
		{32A3F488-BF90-4C92-9E3D-85A608CB4B4A}.Release|Any CPU.ActiveCfg = Release|Any CPU
		{32A3F488-BF90-4C92-9E3D-85A608CB4B4A}.Release|Any CPU.Build.0 = Release|Any CPU
		{7D18A21A-83D2-42C8-8500-59296FE8F515}.Debug|Any CPU.ActiveCfg = Debug|Any CPU
		{7D18A21A-83D2-42C8-8500-59296FE8F515}.Debug|Any CPU.Build.0 = Debug|Any CPU
		{7D18A21A-83D2-42C8-8500-59296FE8F515}.Release|Any CPU.ActiveCfg = Release|Any CPU
		{7D18A21A-83D2-42C8-8500-59296FE8F515}.Release|Any CPU.Build.0 = Release|Any CPU
		{0236F7F2-F1B1-469C-B49C-A345A5CCAE32}.Debug|Any CPU.ActiveCfg = Debug|Any CPU
		{0236F7F2-F1B1-469C-B49C-A345A5CCAE32}.Debug|Any CPU.Build.0 = Debug|Any CPU
		{0236F7F2-F1B1-469C-B49C-A345A5CCAE32}.Release|Any CPU.ActiveCfg = Release|Any CPU
		{0236F7F2-F1B1-469C-B49C-A345A5CCAE32}.Release|Any CPU.Build.0 = Release|Any CPU
	EndGlobalSection
	GlobalSection(SolutionProperties) = preSolution
		HideSolutionNode = FALSE
	EndGlobalSection
	GlobalSection(ExtensibilityGlobals) = postSolution
		SolutionGuid = {439800B3-F4DB-4E98-AA8F-EE12500F835E}
	EndGlobalSection
EndGlobal
